<?xml version="1.0" encoding="utf-8"?>
<Project ToolsVersion="4.0" xmlns="http://schemas.microsoft.com/developer/msbuild/2003">
  <ItemGroup>
    <Filter Include="소스 파일">
      <UniqueIdentifier>{4FC737F1-C7A5-4376-A066-2A32D752A2FF}</UniqueIdentifier>
      <Extensions>cpp;c;cc;cxx;c++;cppm;ixx;def;odl;idl;hpj;bat;asm;asmx</Extensions>
    </Filter>
    <Filter Include="헤더 파일">
      <UniqueIdentifier>{93995380-89BD-4b04-88EB-625FBE52EBFB}</UniqueIdentifier>
      <Extensions>h;hh;hpp;hxx;h++;hm;inl;inc;ipp;xsd</Extensions>
    </Filter>
    <Filter Include="리소스 파일">
      <UniqueIdentifier>{67DA6AB6-F800-4c08-8B7A-83BB121AAD01}</UniqueIdentifier>
      <Extensions>rc;ico;cur;bmp;dlg;rc2;rct;bin;rgs;gif;jpg;jpeg;jpe;resx;tiff;tif;png;wav;mfcribbon-ms</Extensions>
    </Filter>
    <Filter Include="2D FrameWork">
      <UniqueIdentifier>{2f416dfb-2ba2-4e68-8416-15be7274a6bd}</UniqueIdentifier>
    </Filter>
    <Filter Include="2D FrameWork\Manager">
      <UniqueIdentifier>{67d2935f-45de-4097-b2c5-62f486dbcc3b}</UniqueIdentifier>
    </Filter>
    <Filter Include="2D FrameWork\Timer">
      <UniqueIdentifier>{9a572c7f-ee90-4c9e-9b26-798f418ddc38}</UniqueIdentifier>
    </Filter>
    <Filter Include="2D FrameWork\UI">
      <UniqueIdentifier>{269f9527-af34-49aa-9241-a036c7143c9d}</UniqueIdentifier>
    </Filter>
    <Filter Include="MainGame">
      <UniqueIdentifier>{286e73d0-d943-4f4b-ac34-7269cea95106}</UniqueIdentifier>
    </Filter>
    <Filter Include="MainGame\Scene">
      <UniqueIdentifier>{337c27ff-d3c9-4e0c-a299-58d487af970e}</UniqueIdentifier>
    </Filter>
    <Filter Include="MainGame\Object">
      <UniqueIdentifier>{4d708b13-454c-4a9f-b1f0-d6cb66838f33}</UniqueIdentifier>
    </Filter>
    <Filter Include="MainGame\Object\Unit">
      <UniqueIdentifier>{223a93c5-82e9-41b6-a411-97b9a3549765}</UniqueIdentifier>
    </Filter>
    <Filter Include="MainGame\Object\Unit\Player">
      <UniqueIdentifier>{e750f218-fd4c-4889-9dcc-1e273bd45d7a}</UniqueIdentifier>
    </Filter>
    <Filter Include="MainGame\Object\Unit\Enemy">
      <UniqueIdentifier>{100a51e5-648d-479c-a8dc-e31db007cdf5}</UniqueIdentifier>
    </Filter>
    <Filter Include="MainGame\Object\Block">
      <UniqueIdentifier>{5d4dab45-a383-4c69-ac63-dea1eff7acf2}</UniqueIdentifier>
    </Filter>
    <Filter Include="2D FrameWork\UI\BattleScene">
      <UniqueIdentifier>{bbc4de1f-834b-4f06-b557-2ad0a6b083ce}</UniqueIdentifier>
    </Filter>
    <Filter Include="2D FrameWork\UI\VillageScene">
      <UniqueIdentifier>{7d7dc945-a0b0-4180-ba8d-bd27a3607fae}</UniqueIdentifier>
    </Filter>
    <Filter Include="MainGame\Object\Item">
      <UniqueIdentifier>{8640493e-ec9f-4e71-93d6-94bb50a3464c}</UniqueIdentifier>
    </Filter>
  </ItemGroup>
  <ItemGroup>
    <ClCompile Include="main.cpp">
      <Filter>소스 파일</Filter>
    </ClCompile>
    <ClCompile Include="KeyManager.cpp">
      <Filter>2D FrameWork\Manager</Filter>
    </ClCompile>
    <ClCompile Include="ImageManager.cpp">
      <Filter>2D FrameWork\Manager</Filter>
    </ClCompile>
    <ClCompile Include="SceneManager.cpp">
      <Filter>2D FrameWork\Manager</Filter>
    </ClCompile>
    <ClCompile Include="TimerManager.cpp">
      <Filter>2D FrameWork\Manager</Filter>
    </ClCompile>
    <ClCompile Include="Timer.cpp">
      <Filter>2D FrameWork\Timer</Filter>
    </ClCompile>
    <ClCompile Include="Button.cpp">
      <Filter>2D FrameWork\UI</Filter>
    </ClCompile>
    <ClCompile Include="Image.cpp">
      <Filter>2D FrameWork</Filter>
    </ClCompile>
    <ClCompile Include="MainGame.cpp">
      <Filter>MainGame</Filter>
    </ClCompile>
    <ClCompile Include="LoadingScene.cpp">
      <Filter>MainGame\Scene</Filter>
    </ClCompile>
    <ClCompile Include="AstarScene.cpp">
      <Filter>MainGame\Scene</Filter>
    </ClCompile>
    <ClCompile Include="BattleScene.cpp">
      <Filter>MainGame\Scene</Filter>
    </ClCompile>
    <ClCompile Include="TileMapTool.cpp">
      <Filter>MainGame\Scene</Filter>
    </ClCompile>
    <ClCompile Include="Player.cpp">
      <Filter>MainGame\Object\Unit\Player</Filter>
    </ClCompile>
    <ClCompile Include="Unit.cpp">
      <Filter>MainGame\Object\Unit</Filter>
    </ClCompile>
    <ClCompile Include="Equipment.cpp">
      <Filter>MainGame\Object\Item</Filter>
    </ClCompile>
    <ClCompile Include="Item.cpp">
      <Filter>MainGame\Object\Item</Filter>
    </ClCompile>
    <ClCompile Include="CollisionManager.cpp">
      <Filter>2D FrameWork\Manager</Filter>
    </ClCompile>
    <ClCompile Include="Collider.cpp">
      <Filter>2D FrameWork</Filter>
    </ClCompile>
    <ClCompile Include="Block.cpp">
      <Filter>MainGame\Object\Block</Filter>
    </ClCompile>
    <ClCompile Include="UI.cpp">
      <Filter>2D FrameWork\UI</Filter>
    </ClCompile>
    <ClCompile Include="TitleScene.cpp">
      <Filter>MainGame\Scene</Filter>
    </ClCompile>
    <ClCompile Include="Inventory.cpp">
      <Filter>2D FrameWork\UI</Filter>
    </ClCompile>
    <ClCompile Include="BattleSceneUI.cpp">
      <Filter>2D FrameWork\UI\BattleScene</Filter>
    </ClCompile>
    <ClCompile Include="GameData.cpp">
      <Filter>2D FrameWork\Manager</Filter>
    </ClCompile>
    <ClCompile Include="ItemManager.cpp">
      <Filter>2D FrameWork\Manager</Filter>
    </ClCompile>
  </ItemGroup>
  <ItemGroup>
    <ClInclude Include="KeyManager.h">
      <Filter>2D FrameWork\Manager</Filter>
    </ClInclude>
    <ClInclude Include="Singleton.h">
      <Filter>2D FrameWork</Filter>
    </ClInclude>
    <ClInclude Include="ImageManager.h">
      <Filter>2D FrameWork\Manager</Filter>
    </ClInclude>
    <ClInclude Include="SceneManager.h">
      <Filter>2D FrameWork\Manager</Filter>
    </ClInclude>
    <ClInclude Include="TimerManager.h">
      <Filter>2D FrameWork\Manager</Filter>
    </ClInclude>
    <ClInclude Include="Timer.h">
      <Filter>2D FrameWork\Timer</Filter>
    </ClInclude>
    <ClInclude Include="Button.h">
      <Filter>2D FrameWork\UI</Filter>
    </ClInclude>
    <ClInclude Include="GameObject.h">
      <Filter>2D FrameWork</Filter>
    </ClInclude>
    <ClInclude Include="Image.h">
      <Filter>2D FrameWork</Filter>
    </ClInclude>
    <ClInclude Include="MainGame.h">
      <Filter>MainGame</Filter>
    </ClInclude>
    <ClInclude Include="LoadingScene.h">
      <Filter>MainGame\Scene</Filter>
    </ClInclude>
    <ClInclude Include="AstarScene.h">
      <Filter>MainGame\Scene</Filter>
    </ClInclude>
    <ClInclude Include="BattleScene.h">
      <Filter>MainGame\Scene</Filter>
    </ClInclude>
    <ClInclude Include="MoonLighter.h">
      <Filter>헤더 파일</Filter>
    </ClInclude>
    <ClInclude Include="TileMapTool.h">
      <Filter>MainGame\Scene</Filter>
    </ClInclude>
    <ClInclude Include="CommonFunction.h">
      <Filter>헤더 파일</Filter>
    </ClInclude>
    <ClInclude Include="Player.h">
      <Filter>MainGame\Object\Unit\Player</Filter>
    </ClInclude>
    <ClInclude Include="Unit.h">
      <Filter>MainGame\Object\Unit</Filter>
    </ClInclude>
    <ClInclude Include="Equipment.h">
      <Filter>MainGame\Object\Item</Filter>
    </ClInclude>
    <ClInclude Include="Item.h">
      <Filter>MainGame\Object\Item</Filter>
    </ClInclude>
    <ClInclude Include="CollisionManager.h">
      <Filter>2D FrameWork\Manager</Filter>
    </ClInclude>
    <ClInclude Include="Collider.h">
      <Filter>2D FrameWork</Filter>
    </ClInclude>
    <ClInclude Include="Object.h">
      <Filter>MainGame\Object</Filter>
    </ClInclude>
    <ClInclude Include="Block.h">
      <Filter>MainGame\Object\Block</Filter>
    </ClInclude>
    <ClInclude Include="UI.h">
      <Filter>2D FrameWork\UI</Filter>
    </ClInclude>
    <ClInclude Include="TitleScene.h">
      <Filter>MainGame\Scene</Filter>
    </ClInclude>
    <ClInclude Include="Inventory.h">
      <Filter>2D FrameWork\UI</Filter>
    </ClInclude>
    <ClInclude Include="BattleSceneUI.h">
      <Filter>2D FrameWork\UI\BattleScene</Filter>
    </ClInclude>
    <ClInclude Include="GameData.h">
      <Filter>2D FrameWork\Manager</Filter>
    </ClInclude>
    <ClInclude Include="ItemManager.h">
      <Filter>2D FrameWork\Manager</Filter>
    </ClInclude>
  </ItemGroup>
</Project>